
Microsoft Visual Studio Solution File, Format Version 12.00
# Visual Studio 15
VisualStudioVersion = 15.0.27130.2027
MinimumVisualStudioVersion = 10.0.40219.1
Project("{FAE04EC0-301F-11D3-BF4B-00C04F79EFBC}") = "CustomerSelection", "CustomerSelection\CustomerSelection.csproj", "{D3BA1187-6853-422C-A6AE-DDD5FA3862F9}"
EndProject
Global
	GlobalSection(SolutionConfigurationPlatforms) = preSolution
		Debug|Any CPU = Debug|Any CPU
		Release|Any CPU = Release|Any CPU
	EndGlobalSection
	GlobalSection(ProjectConfigurationPlatforms) = postSolution
		{D3BA1187-6853-422C-A6AE-DDD5FA3862F9}.Debug|Any CPU.ActiveCfg = Debug|Any CPU
		{D3BA1187-6853-422C-A6AE-DDD5FA3862F9}.Debug|Any CPU.Build.0 = Debug|Any CPU
		{D3BA1187-6853-422C-A6AE-DDD5FA3862F9}.Release|Any CPU.ActiveCfg = Release|Any CPU
		{D3BA1187-6853-422C-A6AE-DDD5FA3862F9}.Release|Any CPU.Build.0 = Release|Any CPU
	EndGlobalSection
	GlobalSection(SolutionProperties) = preSolution
		HideSolutionNode = FALSE
	EndGlobalSection
	GlobalSection(ExtensibilityGlobals) = postSolution
		SolutionGuid = {478033E3-5897-4E64-A48F-729681EEDCBB}
	EndGlobalSection
EndGlobal
